
Microsoft Visual Studio Solution File, Format Version 12.00
# Visual Studio 15
VisualStudioVersion = 15.0.26430.15
MinimumVisualStudioVersion = 10.0.40219.1
Project("{9A19103F-16F7-4668-BE54-9A1E7A4F7556}") = "DotNetCasClient", "DotNetCasClient\DotNetCasClient.csproj", "{883A296E-C898-4D1F-9ED9-DE7569DEFB3D}"
EndProject
Project("{9A19103F-16F7-4668-BE54-9A1E7A4F7556}") = "DotNetCoreCas", "DotNetCoreCas\DotNetCoreCas.csproj", "{F7266AAB-D66A-4D68-8257-9700E26C8652}"
EndProject
Project("{9A19103F-16F7-4668-BE54-9A1E7A4F7556}") = "CoreExample", "CoreExample\CoreExample.csproj", "{B4B352AD-23DF-4B27-84F7-D9AE76E3B124}"
EndProject
Global
	GlobalSection(SolutionConfigurationPlatforms) = preSolution
		Debug|Any CPU = Debug|Any CPU
		Release|Any CPU = Release|Any CPU
	EndGlobalSection
	GlobalSection(ProjectConfigurationPlatforms) = postSolution
		{883A296E-C898-4D1F-9ED9-DE7569DEFB3D}.Debug|Any CPU.ActiveCfg = Debug|Any CPU
		{883A296E-C898-4D1F-9ED9-DE7569DEFB3D}.Debug|Any CPU.Build.0 = Debug|Any CPU
		{883A296E-C898-4D1F-9ED9-DE7569DEFB3D}.Release|Any CPU.ActiveCfg = Release|Any CPU
		{883A296E-C898-4D1F-9ED9-DE7569DEFB3D}.Release|Any CPU.Build.0 = Release|Any CPU
		{F7266AAB-D66A-4D68-8257-9700E26C8652}.Debug|Any CPU.ActiveCfg = Debug|Any CPU
		{F7266AAB-D66A-4D68-8257-9700E26C8652}.Debug|Any CPU.Build.0 = Debug|Any CPU
		{F7266AAB-D66A-4D68-8257-9700E26C8652}.Release|Any CPU.ActiveCfg = Release|Any CPU
		{F7266AAB-D66A-4D68-8257-9700E26C8652}.Release|Any CPU.Build.0 = Release|Any CPU
		{B4B352AD-23DF-4B27-84F7-D9AE76E3B124}.Debug|Any CPU.ActiveCfg = Debug|Any CPU
		{B4B352AD-23DF-4B27-84F7-D9AE76E3B124}.Debug|Any CPU.Build.0 = Debug|Any CPU
		{B4B352AD-23DF-4B27-84F7-D9AE76E3B124}.Release|Any CPU.ActiveCfg = Release|Any CPU
		{B4B352AD-23DF-4B27-84F7-D9AE76E3B124}.Release|Any CPU.Build.0 = Release|Any CPU
	EndGlobalSection
	GlobalSection(SolutionProperties) = preSolution
		HideSolutionNode = FALSE
	EndGlobalSection
	GlobalSection(ExtensibilityGlobals) = postSolution
		SolutionGuid = {2C090500-6E68-4F2C-963B-EA610078F505}
	EndGlobalSection
EndGlobal
